
Microsoft Visual Studio Solution File, Format Version 12.00
# Visual Studio Version 16
VisualStudioVersion = 16.0.29230.47
MinimumVisualStudioVersion = 10.0.40219.1
Project("{F184B08F-C81C-45F6-A57F-5ABD9991F28F}") = "E-Donat", "cobatugasbesar\E-Donat.vbproj", "{A42AF0CB-E8B3-45FA-910D-87EC3BCC6490}"
EndProject
Global
	GlobalSection(SolutionConfigurationPlatforms) = preSolution
		Debug|Any CPU = Debug|Any CPU
		Release|Any CPU = Release|Any CPU
	EndGlobalSection
	GlobalSection(ProjectConfigurationPlatforms) = postSolution
		{A42AF0CB-E8B3-45FA-910D-87EC3BCC6490}.Debug|Any CPU.ActiveCfg = Debug|Any CPU
		{A42AF0CB-E8B3-45FA-910D-87EC3BCC6490}.Debug|Any CPU.Build.0 = Debug|Any CPU
		{A42AF0CB-E8B3-45FA-910D-87EC3BCC6490}.Release|Any CPU.ActiveCfg = Release|Any CPU
		{A42AF0CB-E8B3-45FA-910D-87EC3BCC6490}.Release|Any CPU.Build.0 = Release|Any CPU
	EndGlobalSection
	GlobalSection(SolutionProperties) = preSolution
		HideSolutionNode = FALSE
	EndGlobalSection
	GlobalSection(ExtensibilityGlobals) = postSolution
		SolutionGuid = {9C0B89A0-E092-45AE-9DBE-A94D6B8B88EF}
	EndGlobalSection
EndGlobal
